// !$*UTF8*$!
{
	archiveVersion = 1;
	classes = {
	};
	objectVersion = 46;
	objects = {

/* Begin PBXBuildFile section */
		1858E69D1D02355400334A3B /* AppDelegate.swift in Sources */ = {isa = PBXBuildFile; fileRef = 1858E69C1D02355400334A3B /* AppDelegate.swift */; };
		1858E69F1D02355400334A3B /* ViewController.swift in Sources */ = {isa = PBXBuildFile; fileRef = 1858E69E1D02355400334A3B /* ViewController.swift */; };
		1858E6A21D02355400334A3B /* Main.storyboard in Resources */ = {isa = PBXBuildFile; fileRef = 1858E6A01D02355400334A3B /* Main.storyboard */; };
		1858E6A41D02355400334A3B /* Assets.xcassets in Resources */ = {isa = PBXBuildFile; fileRef = 1858E6A31D02355400334A3B /* Assets.xcassets */; };
		1858E6A71D02355400334A3B /* LaunchScreen.storyboard in Resources */ = {isa = PBXBuildFile; fileRef = 1858E6A51D02355400334A3B /* LaunchScreen.storyboard */; };
		920B83051D19C00F00405D83 /* Constants.swift in Sources */ = {isa = PBXBuildFile; fileRef = 920B83041D19C00F00405D83 /* Constants.swift */; };
		920B83071D19C03B00405D83 /* Weather.swift in Sources */ = {isa = PBXBuildFile; fileRef = 920B83061D19C03B00405D83 /* Weather.swift */; };
		920B830D1D20B30300405D83 /* animationView.swift in Sources */ = {isa = PBXBuildFile; fileRef = 920B830C1D20B30300405D83 /* animationView.swift */; };
		920B830F1D20B44D00405D83 /* OvalLayer.swift in Sources */ = {isa = PBXBuildFile; fileRef = 920B830E1D20B44D00405D83 /* OvalLayer.swift */; };
		920B83111D20B47000405D83 /* TriangleLayer.swift in Sources */ = {isa = PBXBuildFile; fileRef = 920B83101D20B47000405D83 /* TriangleLayer.swift */; };
		920B83131D20B48300405D83 /* RectangleLayer.swift in Sources */ = {isa = PBXBuildFile; fileRef = 920B83121D20B48300405D83 /* RectangleLayer.swift */; };
		920B83151D20B49E00405D83 /* ArcLayer.swift in Sources */ = {isa = PBXBuildFile; fileRef = 920B83141D20B49E00405D83 /* ArcLayer.swift */; };
		920B83171D20B4B700405D83 /* HolderView.swift in Sources */ = {isa = PBXBuildFile; fileRef = 920B83161D20B4B700405D83 /* HolderView.swift */; };
		92F8C8291E34173300824F2A /* CoreData.framework in Frameworks */ = {isa = PBXBuildFile; fileRef = 92F8C8281E34173300824F2A /* CoreData.framework */; };
		92F8C82C1E3417C200824F2A /* city.xcdatamodeld in Sources */ = {isa = PBXBuildFile; fileRef = 92F8C82A1E3417C200824F2A /* city.xcdatamodeld */; };
		99573023AA29533CC9167CC0 /* Pods_weatherApplication.framework in Frameworks */ = {isa = PBXBuildFile; fileRef = EF6587D09A14B108FB4B21CF /* Pods_weatherApplication.framework */; };
/* End PBXBuildFile section */

/* Begin PBXFileReference section */
		1858E6991D02355400334A3B /* weatherApplication.app */ = {isa = PBXFileReference; explicitFileType = wrapper.application; includeInIndex = 0; path = weatherApplication.app; sourceTree = BUILT_PRODUCTS_DIR; };
		1858E69C1D02355400334A3B /* AppDelegate.swift */ = {isa = PBXFileReference; lastKnownFileType = sourcecode.swift; path = AppDelegate.swift; sourceTree = "<group>"; };
		1858E69E1D02355400334A3B /* ViewController.swift */ = {isa = PBXFileReference; lastKnownFileType = sourcecode.swift; path = ViewController.swift; sourceTree = "<group>"; };
		1858E6A11D02355400334A3B /* Base */ = {isa = PBXFileReference; lastKnownFileType = file.storyboard; name = Base; path = Base.lproj/Main.storyboard; sourceTree = "<group>"; };
		1858E6A31D02355400334A3B /* Assets.xcassets */ = {isa = PBXFileReference; lastKnownFileType = folder.assetcatalog; path = Assets.xcassets; sourceTree = "<group>"; };
		1858E6A61D02355400334A3B /* Base */ = {isa = PBXFileReference; lastKnownFileType = file.storyboard; name = Base; path = Base.lproj/LaunchScreen.storyboard; sourceTree = "<group>"; };
		1858E6A81D02355400334A3B /* Info.plist */ = {isa = PBXFileReference; lastKnownFileType = text.plist.xml; path = Info.plist; sourceTree = "<group>"; };
		920B83041D19C00F00405D83 /* Constants.swift */ = {isa = PBXFileReference; fileEncoding = 4; lastKnownFileType = sourcecode.swift; path = Constants.swift; sourceTree = "<group>"; };
		920B83061D19C03B00405D83 /* Weather.swift */ = {isa = PBXFileReference; fileEncoding = 4; lastKnownFileType = sourcecode.swift; path = Weather.swift; sourceTree = "<group>"; };
		920B830C1D20B30300405D83 /* animationView.swift */ = {isa = PBXFileReference; fileEncoding = 4; lastKnownFileType = sourcecode.swift; path = animationView.swift; sourceTree = "<group>"; };
		920B830E1D20B44D00405D83 /* OvalLayer.swift */ = {isa = PBXFileReference; fileEncoding = 4; lastKnownFileType = sourcecode.swift; path = OvalLayer.swift; sourceTree = "<group>"; };
		920B83101D20B47000405D83 /* TriangleLayer.swift */ = {isa = PBXFileReference; fileEncoding = 4; lastKnownFileType = sourcecode.swift; path = TriangleLayer.swift; sourceTree = "<group>"; };
		920B83121D20B48300405D83 /* RectangleLayer.swift */ = {isa = PBXFileReference; fileEncoding = 4; lastKnownFileType = sourcecode.swift; path = RectangleLayer.swift; sourceTree = "<group>"; };
		920B83141D20B49E00405D83 /* ArcLayer.swift */ = {isa = PBXFileReference; fileEncoding = 4; lastKnownFileType = sourcecode.swift; path = ArcLayer.swift; sourceTree = "<group>"; };
		920B83161D20B4B700405D83 /* HolderView.swift */ = {isa = PBXFileReference; fileEncoding = 4; lastKnownFileType = sourcecode.swift; path = HolderView.swift; sourceTree = "<group>"; };
		92F8C8281E34173300824F2A /* CoreData.framework */ = {isa = PBXFileReference; lastKnownFileType = wrapper.framework; name = CoreData.framework; path = System/Library/Frameworks/CoreData.framework; sourceTree = SDKROOT; };
		92F8C82B1E3417C200824F2A /* city.xcdatamodel */ = {isa = PBXFileReference; lastKnownFileType = wrapper.xcdatamodel; path = city.xcdatamodel; sourceTree = "<group>"; };
		BBE142131C92758114D3587A /* Pods-weatherApplication.release.xcconfig */ = {isa = PBXFileReference; includeInIndex = 1; lastKnownFileType = text.xcconfig; name = "Pods-weatherApplication.release.xcconfig"; path = "Pods/Target Support Files/Pods-weatherApplication/Pods-weatherApplication.release.xcconfig"; sourceTree = "<group>"; };
		D6B367F5BC4E31457A6BB380 /* Pods-weatherApplication.debug.xcconfig */ = {isa = PBXFileReference; includeInIndex = 1; lastKnownFileType = text.xcconfig; name = "Pods-weatherApplication.debug.xcconfig"; path = "Pods/Target Support Files/Pods-weatherApplication/Pods-weatherApplication.debug.xcconfig"; sourceTree = "<group>"; };
		EF6587D09A14B108FB4B21CF /* Pods_weatherApplication.framework */ = {isa = PBXFileReference; explicitFileType = wrapper.framework; includeInIndex = 0; path = Pods_weatherApplication.framework; sourceTree = BUILT_PRODUCTS_DIR; };
/* End PBXFileReference section */

/* Begin PBXFrameworksBuildPhase section */
		1858E6961D02355400334A3B /* Frameworks */ = {
			isa = PBXFrameworksBuildPhase;
			buildActionMask = 2147483647;
			files = (
				92F8C8291E34173300824F2A /* CoreData.framework in Frameworks */,
				99573023AA29533CC9167CC0 /* Pods_weatherApplication.framework in Frameworks */,
			);
			runOnlyForDeploymentPostprocessing = 0;
		};
/* End PBXFrameworksBuildPhase section */

/* Begin PBXGroup section */
		1858E6901D02355400334A3B = {
			isa = PBXGroup;
			children = (
				1858E69B1D02355400334A3B /* weatherApplication */,
				1858E69A1D02355400334A3B /* Products */,
				F8E77DE0EB7BE228B37E5FEF /* Pods */,
				338C73D25CD82D43FEBAAC1C /* Frameworks */,
			);
			sourceTree = "<group>";
		};
		1858E69A1D02355400334A3B /* Products */ = {
			isa = PBXGroup;
			children = (
				1858E6991D02355400334A3B /* weatherApplication.app */,
			);
			name = Products;
			sourceTree = "<group>";
		};
		1858E69B1D02355400334A3B /* weatherApplication */ = {
			isa = PBXGroup;
			children = (
				920B83081D1EDAF100405D83 /* Model */,
				920B83091D1EDAF900405D83 /* View */,
				920B830A1D1EDAFF00405D83 /* Controller */,
				920B830B1D1EDB0500405D83 /* Util */,
				1858E69C1D02355400334A3B /* AppDelegate.swift */,
				1858E6A01D02355400334A3B /* Main.storyboard */,
				1858E6A31D02355400334A3B /* Assets.xcassets */,
				1858E6A51D02355400334A3B /* LaunchScreen.storyboard */,
				1858E6A81D02355400334A3B /* Info.plist */,
				92F8C82A1E3417C200824F2A /* city.xcdatamodeld */,
			);
			path = weatherApplication;
			sourceTree = "<group>";
		};
		338C73D25CD82D43FEBAAC1C /* Frameworks */ = {
			isa = PBXGroup;
			children = (
				92F8C8281E34173300824F2A /* CoreData.framework */,
				EF6587D09A14B108FB4B21CF /* Pods_weatherApplication.framework */,
			);
			name = Frameworks;
			sourceTree = "<group>";
		};
		920B83081D1EDAF100405D83 /* Model */ = {
			isa = PBXGroup;
			children = (
				920B83061D19C03B00405D83 /* Weather.swift */,
				920B830E1D20B44D00405D83 /* OvalLayer.swift */,
				920B83101D20B47000405D83 /* TriangleLayer.swift */,
				920B83121D20B48300405D83 /* RectangleLayer.swift */,
				920B83141D20B49E00405D83 /* ArcLayer.swift */,
				920B83161D20B4B700405D83 /* HolderView.swift */,
			);
			name = Model;
			sourceTree = "<group>";
		};
		920B83091D1EDAF900405D83 /* View */ = {
			isa = PBXGroup;
			children = (
			);
			name = View;
			sourceTree = "<group>";
		};
		920B830A1D1EDAFF00405D83 /* Controller */ = {
			isa = PBXGroup;
			children = (
				1858E69E1D02355400334A3B /* ViewController.swift */,
				920B830C1D20B30300405D83 /* animationView.swift */,
			);
			name = Controller;
			sourceTree = "<group>";
		};
		920B830B1D1EDB0500405D83 /* Util */ = {
			isa = PBXGroup;
			children = (
				920B83041D19C00F00405D83 /* Constants.swift */,
			);
			name = Util;
			sourceTree = "<group>";
		};
		F8E77DE0EB7BE228B37E5FEF /* Pods */ = {
			isa = PBXGroup;
			children = (
				D6B367F5BC4E31457A6BB380 /* Pods-weatherApplication.debug.xcconfig */,
				BBE142131C92758114D3587A /* Pods-weatherApplication.release.xcconfig */,
			);
			name = Pods;
			sourceTree = "<group>";
		};
/* End PBXGroup section */

/* Begin PBXNativeTarget section */
		1858E6981D02355400334A3B /* weatherApplication */ = {
			isa = PBXNativeTarget;
			buildConfigurationList = 1858E6AB1D02355400334A3B /* Build configuration list for PBXNativeTarget "weatherApplication" */;
			buildPhases = (
				A74E92425CA6C2742E10D9FB /* [CP] Check Pods Manifest.lock */,
				1858E6951D02355400334A3B /* Sources */,
				1858E6961D02355400334A3B /* Frameworks */,
				1858E6971D02355400334A3B /* Resources */,
				DE809D87AA0049AF50B5E36E /* [CP] Embed Pods Frameworks */,
				7FE8600832B3BE159A92D523 /* [CP] Copy Pods Resources */,
			);
			buildRules = (
			);
			dependencies = (
			);
			name = weatherApplication;
			productName = weatherApplication;
			productReference = 1858E6991D02355400334A3B /* weatherApplication.app */;
			productType = "com.apple.product-type.application";
		};
/* End PBXNativeTarget section */

/* Begin PBXProject section */
		1858E6911D02355400334A3B /* Project object */ = {
			isa = PBXProject;
			attributes = {
				LastSwiftUpdateCheck = 0720;
				LastUpgradeCheck = 0720;
				ORGANIZATIONNAME = gursimran;
				TargetAttributes = {
					1858E6981D02355400334A3B = {
						CreatedOnToolsVersion = 7.2.1;
						DevelopmentTeam = YL6W52HQAS;
					};
				};
			};
			buildConfigurationList = 1858E6941D02355400334A3B /* Build configuration list for PBXProject "weatherApplication" */;
			compatibilityVersion = "Xcode 3.2";
			developmentRegion = English;
			hasScannedForEncodings = 0;
			knownRegions = (
				en,
				Base,
			);
			mainGroup = 1858E6901D02355400334A3B;
			productRefGroup = 1858E69A1D02355400334A3B /* Products */;
			projectDirPath = "";
			projectRoot = "";
			targets = (
				1858E6981D02355400334A3B /* weatherApplication */,
			);
		};
/* End PBXProject section */

/* Begin PBXResourcesBuildPhase section */
		1858E6971D02355400334A3B /* Resources */ = {
			isa = PBXResourcesBuildPhase;
			buildActionMask = 2147483647;
			files = (
				1858E6A71D02355400334A3B /* LaunchScreen.storyboard in Resources */,
				1858E6A41D02355400334A3B /* Assets.xcassets in Resources */,
				1858E6A21D02355400334A3B /* Main.storyboard in Resources */,
			);
			runOnlyForDeploymentPostprocessing = 0;
		};
/* End PBXResourcesBuildPhase section */

/* Begin PBXShellScriptBuildPhase section */
		7FE8600832B3BE159A92D523 /* [CP] Copy Pods Resources */ = {
			isa = PBXShellScriptBuildPhase;
			buildActionMask = 2147483647;
			files = (
			);
			inputPaths = (
			);
			name = "[CP] Copy Pods Resources";
			outputPaths = (
			);
			runOnlyForDeploymentPostprocessing = 0;
			shellPath = /bin/sh;
			shellScript = "\"${SRCROOT}/Pods/Target Support Files/Pods-weatherApplication/Pods-weatherApplication-resources.sh\"\n";
			showEnvVarsInLog = 0;
		};
		A74E92425CA6C2742E10D9FB /* [CP] Check Pods Manifest.lock */ = {
			isa = PBXShellScriptBuildPhase;
			buildActionMask = 2147483647;
			files = (
			);
			inputPaths = (
			);
			name = "[CP] Check Pods Manifest.lock";
			outputPaths = (
			);
			runOnlyForDeploymentPostprocessing = 0;
			shellPath = /bin/sh;
			shellScript = "diff \"${PODS_ROOT}/../Podfile.lock\" \"${PODS_ROOT}/Manifest.lock\" > /dev/null\nif [[ $? != 0 ]] ; then\n    cat << EOM\nerror: The sandbox is not in sync with the Podfile.lock. Run 'pod install' or update your CocoaPods installation.\nEOM\n    exit 1\nfi\n";
			showEnvVarsInLog = 0;
		};
		DE809D87AA0049AF50B5E36E /* [CP] Embed Pods Frameworks */ = {
			isa = PBXShellScriptBuildPhase;
			buildActionMask = 2147483647;
			files = (
			);
			inputPaths = (
			);
			name = "[CP] Embed Pods Frameworks";
			outputPaths = (
			);
			runOnlyForDeploymentPostprocessing = 0;
			shellPath = /bin/sh;
			shellScript = "\"${SRCROOT}/Pods/Target Support Files/Pods-weatherApplication/Pods-weatherApplication-frameworks.sh\"\n";
			showEnvVarsInLog = 0;
		};
/* End PBXShellScriptBuildPhase section */

/* Begin PBXSourcesBuildPhase section */
		1858E6951D02355400334A3B /* Sources */ = {
			isa = PBXSourcesBuildPhase;
			buildActionMask = 2147483647;
			files = (
				920B83151D20B49E00405D83 /* ArcLayer.swift in Sources */,
				920B83071D19C03B00405D83 /* Weather.swift in Sources */,
				920B83171D20B4B700405D83 /* HolderView.swift in Sources */,
				920B83131D20B48300405D83 /* RectangleLayer.swift in Sources */,
				1858E69F1D02355400334A3B /* ViewController.swift in Sources */,
				920B830D1D20B30300405D83 /* animationView.swift in Sources */,
				92F8C82C1E3417C200824F2A /* city.xcdatamodeld in Sources */,
				1858E69D1D02355400334A3B /* AppDelegate.swift in Sources */,
				920B83051D19C00F00405D83 /* Constants.swift in Sources */,
				920B830F1D20B44D00405D83 /* OvalLayer.swift in Sources */,
				920B83111D20B47000405D83 /* TriangleLayer.swift in Sources */,
			);
			runOnlyForDeploymentPostprocessing = 0;
		};
/* End PBXSourcesBuildPhase section */

/* Begin PBXVariantGroup section */
		1858E6A01D02355400334A3B /* Main.storyboard */ = {
			isa = PBXVariantGroup;
			children = (
				1858E6A11D02355400334A3B /* Base */,
			);
			name = Main.storyboard;
			sourceTree = "<group>";
		};
		1858E6A51D02355400334A3B /* LaunchScreen.storyboard */ = {
			isa = PBXVariantGroup;
			children = (
				1858E6A61D02355400334A3B /* Base */,
			);
			name = LaunchScreen.storyboard;
			sourceTree = "<group>";
		};
/* End PBXVariantGroup section */

/* Begin XCBuildConfiguration section */
		1858E6A91D02355400334A3B /* Debug */ = {
			isa = XCBuildConfiguration;
			buildSettings = {
				ALWAYS_SEARCH_USER_PATHS = NO;
				CLANG_CXX_LANGUAGE_STANDARD = "gnu++0x";
				CLANG_CXX_LIBRARY = "libc++";
				CLANG_ENABLE_MODULES = YES;
				CLANG_ENABLE_OBJC_ARC = YES;
				CLANG_WARN_BOOL_CONVERSION = YES;
				CLANG_WARN_CONSTANT_CONVERSION = YES;
				CLANG_WARN_DIRECT_OBJC_ISA_USAGE = YES_ERROR;
				CLANG_WARN_EMPTY_BODY = YES;
				CLANG_WARN_ENUM_CONVERSION = YES;
				CLANG_WARN_INT_CONVERSION = YES;
				CLANG_WARN_OBJC_ROOT_CLASS = YES_ERROR;
				CLANG_WARN_UNREACHABLE_CODE = YES;
				CLANG_WARN__DUPLICATE_METHOD_MATCH = YES;
				"CODE_SIGN_IDENTITY[sdk=iphoneos*]" = "iPhone Developer";
				COPY_PHASE_STRIP = NO;
				DEBUG_INFORMATION_FORMAT = dwarf;
				ENABLE_STRICT_OBJC_MSGSEND = YES;
				ENABLE_TESTABILITY = YES;
				GCC_C_LANGUAGE_STANDARD = gnu99;
				GCC_DYNAMIC_NO_PIC = NO;
				GCC_NO_COMMON_BLOCKS = YES;
				GCC_OPTIMIZATION_LEVEL = 0;
				GCC_PREPROCESSOR_DEFINITIONS = (
					"DEBUG=1",
					"$(inherited)",
				);
				GCC_WARN_64_TO_32_BIT_CONVERSION = YES;
				GCC_WARN_ABOUT_RETURN_TYPE = YES_ERROR;
				GCC_WARN_UNDECLARED_SELECTOR = YES;
				GCC_WARN_UNINITIALIZED_AUTOS = YES_AGGRESSIVE;
				GCC_WARN_UNUSED_FUNCTION = YES;
				GCC_WARN_UNUSED_VARIABLE = YES;
				IPHONEOS_DEPLOYMENT_TARGET = 9.2;
				MTL_ENABLE_DEBUG_INFO = YES;
				ONLY_ACTIVE_ARCH = YES;
				SDKROOT = iphoneos;
				SWIFT_OPTIMIZATION_LEVEL = "-Onone";
				TARGETED_DEVICE_FAMILY = "1,2";
			};
			name = Debug;
		};
		1858E6AA1D02355400334A3B /* Release */ = {
			isa = XCBuildConfiguration;
			buildSettings = {
				ALWAYS_SEARCH_USER_PATHS = NO;
				CLANG_CXX_LANGUAGE_STANDARD = "gnu++0x";
				CLANG_CXX_LIBRARY = "libc++";
				CLANG_ENABLE_MODULES = YES;
				CLANG_ENABLE_OBJC_ARC = YES;
				CLANG_WARN_BOOL_CONVERSION = YES;
				CLANG_WARN_CONSTANT_CONVERSION = YES;
				CLANG_WARN_DIRECT_OBJC_ISA_USAGE = YES_ERROR;
				CLANG_WARN_EMPTY_BODY = YES;
				CLANG_WARN_ENUM_CONVERSION = YES;
				CLANG_WARN_INT_CONVERSION = YES;
				CLANG_WARN_OBJC_ROOT_CLASS = YES_ERROR;
				CLANG_WARN_UNREACHABLE_CODE = YES;
				CLANG_WARN__DUPLICATE_METHOD_MATCH = YES;
				"CODE_SIGN_IDENTITY[sdk=iphoneos*]" = "iPhone Developer";
				COPY_PHASE_STRIP = NO;
				DEBUG_INFORMATION_FORMAT = "dwarf-with-dsym";
				ENABLE_NS_ASSERTIONS = NO;
				ENABLE_STRICT_OBJC_MSGSEND = YES;
				GCC_C_LANGUAGE_STANDARD = gnu99;
				GCC_NO_COMMON_BLOCKS = YES;
				GCC_WARN_64_TO_32_BIT_CONVERSION = YES;
				GCC_WARN_ABOUT_RETURN_TYPE = YES_ERROR;
				GCC_WARN_UNDECLARED_SELECTOR = YES;
				GCC_WARN_UNINITIALIZED_AUTOS = YES_AGGRESSIVE;
				GCC_WARN_UNUSED_FUNCTION = YES;
				GCC_WARN_UNUSED_VARIABLE = YES;
				IPHONEOS_DEPLOYMENT_TARGET = 9.2;
				MTL_ENABLE_DEBUG_INFO = NO;
				SDKROOT = iphoneos;
				TARGETED_DEVICE_FAMILY = "1,2";
				VALIDATE_PRODUCT = YES;
			};
			name = Release;
		};
		1858E6AC1D02355400334A3B /* Debug */ = {
			isa = XCBuildConfiguration;
			baseConfigurationReference = D6B367F5BC4E31457A6BB380 /* Pods-weatherApplication.debug.xcconfig */;
			buildSettings = {
				ASSETCATALOG_COMPILER_APPICON_NAME = AppIcon;
				CODE_SIGN_IDENTITY = "iPhone Developer";
				INFOPLIST_FILE = weatherApplication/Info.plist;
				LD_RUNPATH_SEARCH_PATHS = "$(inherited) @executable_path/Frameworks";
				PRODUCT_BUNDLE_IDENTIFIER = com.gursimran.singh.weatherMobo;
				PRODUCT_NAME = "$(TARGET_NAME)";
				PROVISIONING_PROFILE = "804419ff-259a-4558-ac6f-bc60f316a3a3";
				TARGETED_DEVICE_FAMILY = 1;
			};
			name = Debug;
		};
		1858E6AD1D02355400334A3B /* Release */ = {
			isa = XCBuildConfiguration;
			baseConfigurationReference = BBE142131C92758114D3587A /* Pods-weatherApplication.release.xcconfig */;
			buildSettings = {
				ASSETCATALOG_COMPILER_APPICON_NAME = AppIcon;
				CODE_SIGN_IDENTITY = "iPhone Developer";
				"CODE_SIGN_IDENTITY[sdk=iphoneos*]" = "";
				INFOPLIST_FILE = weatherApplication/Info.plist;
				LD_RUNPATH_SEARCH_PATHS = "$(inherited) @executable_path/Frameworks";
				PRODUCT_BUNDLE_IDENTIFIER = com.gursimran.singh.weatherMobo;
				PRODUCT_NAME = "$(TARGET_NAME)";
				PROVISIONING_PROFILE = "804419ff-259a-4558-ac6f-bc60f316a3a3";
				TARGETED_DEVICE_FAMILY = 1;
			};
			name = Release;
		};
/* End XCBuildConfiguration section */

/* Begin XCConfigurationList section */
		1858E6941D02355400334A3B /* Build configuration list for PBXProject "weatherApplication" */ = {
			isa = XCConfigurationList;
			buildConfigurations = (
				1858E6A91D02355400334A3B /* Debug */,
				1858E6AA1D02355400334A3B /* Release */,
			);
			defaultConfigurationIsVisible = 0;
			defaultConfigurationName = Release;
		};
		1858E6AB1D02355400334A3B /* Build configuration list for PBXNativeTarget "weatherApplication" */ = {
			isa = XCConfigurationList;
			buildConfigurations = (
				1858E6AC1D02355400334A3B /* Debug */,
				1858E6AD1D02355400334A3B /* Release */,
			);
			defaultConfigurationIsVisible = 0;
			defaultConfigurationName = Release;
		};
/* End XCConfigurationList section */

/* Begin XCVersionGroup section */
		92F8C82A1E3417C200824F2A /* city.xcdatamodeld */ = {
			isa = XCVersionGroup;
			children = (
				92F8C82B1E3417C200824F2A /* city.xcdatamodel */,
			);
			currentVersion = 92F8C82B1E3417C200824F2A /* city.xcdatamodel */;
			path = city.xcdatamodeld;
			sourceTree = "<group>";
			versionGroupType = wrapper.xcdatamodel;
		};
/* End XCVersionGroup section */
	};
	rootObject = 1858E6911D02355400334A3B /* Project object */;
}
