// !$*UTF8*$!
{
	archiveVersion = 1;
	classes = {
	};
	objectVersion = 46;
	objects = {

/* Begin PBXBuildFile section */
		1858E69D1D02355400334A3B /* AppDelegate.swift in Sources */ = {isa = PBXBuildFile; fileRef = 1858E69C1D02355400334A3B /* AppDelegate.swift */; };
		1858E69F1D02355400334A3B /* ViewController.swift in Sources */ = {isa = PBXBuildFile; fileRef = 1858E69E1D02355400334A3B /* ViewController.swift */; };
		1858E6A21D02355400334A3B /* Main.storyboard in Resources */ = {isa = PBXBuildFile; fileRef = 1858E6A01D02355400334A3B /* Main.storyboard */; };
		1858E6A41D02355400334A3B /* Assets.xcassets in Resources */ = {isa = PBXBuildFile; fileRef = 1858E6A31D02355400334A3B /* Assets.xcassets */; };
		1858E6A71D02355400334A3B /* LaunchScreen.storyboard in Resources */ = {isa = PBXBuildFile; fileRef = 1858E6A51D02355400334A3B /* LaunchScreen.storyboard */; };
/* End PBXBuildFile section */

/* Begin PBXFileReference section */
		1858E6991D02355400334A3B /* weatherApplication.app */ = {isa = PBXFileReference; explicitFileType = wrapper.application; includeInIndex = 0; path = weatherApplication.app; sourceTree = BUILT_PRODUCTS_DIR; };
		1858E69C1D02355400334A3B /* AppDelegate.swift */ = {isa = PBXFileReference; lastKnownFileType = sourcecode.swift; path = AppDelegate.swift; sourceTree = "<group>"; };
		1858E69E1D02355400334A3B /* ViewController.swift */ = {isa = PBXFileReference; lastKnownFileType = sourcecode.swift; path = ViewController.swift; sourceTree = "<group>"; };
		1858E6A11D02355400334A3B /* Base */ = {isa = PBXFileReference; lastKnownFileType = file.storyboard; name = Base; path = Base.lproj/Main.storyboard; sourceTree = "<group>"; };
		1858E6A31D02355400334A3B /* Assets.xcassets */ = {isa = PBXFileReference; lastKnownFileType = folder.assetcatalog; path = Assets.xcassets; sourceTree = "<group>"; };
		1858E6A61D02355400334A3B /* Base */ = {isa = PBXFileReference; lastKnownFileType = file.storyboard; name = Base; path = Base.lproj/LaunchScreen.storyboard; sourceTree = "<group>"; };
		1858E6A81D02355400334A3B /* Info.plist */ = {isa = PBXFileReference; lastKnownFileType = text.plist.xml; path = Info.plist; sourceTree = "<group>"; };
/* End PBXFileReference section */

/* Begin PBXFrameworksBuildPhase section */
		1858E6961D02355400334A3B /* Frameworks */ = {
			isa = PBXFrameworksBuildPhase;
			buildActionMask = 2147483647;
			files = (
			);
			runOnlyForDeploymentPostprocessing = 0;
		};
/* End PBXFrameworksBuildPhase section */

/* Begin PBXGroup section */
		1858E6901D02355400334A3B = {
			isa = PBXGroup;
			children = (
				1858E69B1D02355400334A3B /* weatherApplication */,
				1858E69A1D02355400334A3B /* Products */,
			);
			sourceTree = "<group>";
		};
		1858E69A1D02355400334A3B /* Products */ = {
			isa = PBXGroup;
			children = (
				1858E6991D02355400334A3B /* weatherApplication.app */,
			);
			name = Products;
			sourceTree = "<group>";
		};
		1858E69B1D02355400334A3B /* weatherApplication */ = {
			isa = PBXGroup;
			children = (
				1858E69C1D02355400334A3B /* AppDelegate.swift */,
				1858E69E1D02355400334A3B /* ViewController.swift */,
				1858E6A01D02355400334A3B /* Main.storyboard */,
				1858E6A31D02355400334A3B /* Assets.xcassets */,
				1858E6A51D02355400334A3B /* LaunchScreen.storyboard */,
				1858E6A81D02355400334A3B /* Info.plist */,
			);
			path = weatherApplication;
			sourceTree = "<group>";
		};
/* End PBXGroup section */

/* Begin PBXNativeTarget section */
		1858E6981D02355400334A3B /* weatherApplication */ = {
			isa = PBXNativeTarget;
			buildConfigurationList = 1858E6AB1D02355400334A3B /* Build configuration list for PBXNativeTarget "weatherApplication" */;
			buildPhases = (
				1858E6951D02355400334A3B /* Sources */,
				1858E6961D02355400334A3B /* Frameworks */,
				1858E6971D02355400334A3B /* Resources */,
			);
			buildRules = (
			);
			dependencies = (
			);
			name = weatherApplication;
			productName = weatherApplication;
			productReference = 1858E6991D02355400334A3B /* weatherApplication.app */;
			productType = "com.apple.product-type.application";
		};
/* End PBXNativeTarget section */

/* Begin PBXProject section */
		1858E6911D02355400334A3B /* Project object */ = {
			isa = PBXProject;
			attributes = {
				LastSwiftUpdateCheck = 0720;
				LastUpgradeCheck = 0720;
				ORGANIZATIONNAME = gursimran;
				TargetAttributes = {
					1858E6981D02355400334A3B = {
						CreatedOnToolsVersion = 7.2.1;
						DevelopmentTeam = YL6W52HQAS;
					};
				};
			};
			buildConfigurationList = 1858E6941D02355400334A3B /* Build configuration list for PBXProject "weatherApplication" */;
			compatibilityVersion = "Xcode 3.2";
			developmentRegion = English;
			hasScannedForEncodings = 0;
			knownRegions = (
				en,
				Base,
			);
			mainGroup = 1858E6901D02355400334A3B;
			productRefGroup = 1858E69A1D02355400334A3B /* Products */;
			projectDirPath = "";
			projectRoot = "";
			targets = (
				1858E6981D02355400334A3B /* weatherApplication */,
			);
		};
/* End PBXProject section */

/* Begin PBXResourcesBuildPhase section */
		1858E6971D02355400334A3B /* Resources */ = {
			isa = PBXResourcesBuildPhase;
			buildActionMask = 2147483647;
			files = (
				1858E6A71D02355400334A3B /* LaunchScreen.storyboard in Resources */,
				1858E6A41D02355400334A3B /* Assets.xcassets in Resources */,
				1858E6A21D02355400334A3B /* Main.storyboard in Resources */,
			);
			runOnlyForDeploymentPostprocessing = 0;
		};
/* End PBXResourcesBuildPhase section */

/* Begin PBXSourcesBuildPhase section */
		1858E6951D02355400334A3B /* Sources */ = {
			isa = PBXSourcesBuildPhase;
			buildActionMask = 2147483647;
			files = (
				1858E69F1D02355400334A3B /* ViewController.swift in Sources */,
				1858E69D1D02355400334A3B /* AppDelegate.swift in Sources */,
			);
			runOnlyForDeploymentPostprocessing = 0;
		};
/* End PBXSourcesBuildPhase section */

/* Begin PBXVariantGroup section */
		1858E6A01D02355400334A3B /* Main.storyboard */ = {
			isa = PBXVariantGroup;
			children = (
				1858E6A11D02355400334A3B /* Base */,
			);
			name = Main.storyboard;
			sourceTree = "<group>";
		};
		1858E6A51D02355400334A3B /* LaunchScreen.storyboard */ = {
			isa = PBXVariantGroup;
			children = (
				1858E6A61D02355400334A3B /* Base */,
			);
			name = LaunchScreen.storyboard;
			sourceTree = "<group>";
		};
/* End PBXVariantGroup section */

/* Begin XCBuildConfiguration section */
		1858E6A91D02355400334A3B /* Debug */ = {
			isa = XCBuildConfiguration;
			buildSettings = {
				ALWAYS_SEARCH_USER_PATHS = NO;
				CLANG_CXX_LANGUAGE_STANDARD = "gnu++0x";
				CLANG_CXX_LIBRARY = "libc++";
				CLANG_ENABLE_MODULES = YES;
				CLANG_ENABLE_OBJC_ARC = YES;
				CLANG_WARN_BOOL_CONVERSION = YES;
				CLANG_WARN_CONSTANT_CONVERSION = YES;
				CLANG_WARN_DIRECT_OBJC_ISA_USAGE = YES_ERROR;
				CLANG_WARN_EMPTY_BODY = YES;
				CLANG_WARN_ENUM_CONVERSION = YES;
				CLANG_WARN_INT_CONVERSION = YES;
				CLANG_WARN_OBJC_ROOT_CLASS = YES_ERROR;
				CLANG_WARN_UNREACHABLE_CODE = YES;
				CLANG_WARN__DUPLICATE_METHOD_MATCH = YES;
				"CODE_SIGN_IDENTITY[sdk=iphoneos*]" = "iPhone Developer";
				COPY_PHASE_STRIP = NO;
				DEBUG_INFORMATION_FORMAT = dwarf;
				ENABLE_STRICT_OBJC_MSGSEND = YES;
				ENABLE_TESTABILITY = YES;
				GCC_C_LANGUAGE_STANDARD = gnu99;
				GCC_DYNAMIC_NO_PIC = NO;
				GCC_NO_COMMON_BLOCKS = YES;
				GCC_OPTIMIZATION_LEVEL = 0;
				GCC_PREPROCESSOR_DEFINITIONS = (
					"DEBUG=1",
					"$(inherited)",
				);
				GCC_WARN_64_TO_32_BIT_CONVERSION = YES;
				GCC_WARN_ABOUT_RETURN_TYPE = YES_ERROR;
				GCC_WARN_UNDECLARED_SELECTOR = YES;
				GCC_WARN_UNINITIALIZED_AUTOS = YES_AGGRESSIVE;
				GCC_WARN_UNUSED_FUNCTION = YES;
				GCC_WARN_UNUSED_VARIABLE = YES;
				IPHONEOS_DEPLOYMENT_TARGET = 9.2;
				MTL_ENABLE_DEBUG_INFO = YES;
				ONLY_ACTIVE_ARCH = YES;
				SDKROOT = iphoneos;
				SWIFT_OPTIMIZATION_LEVEL = "-Onone";
				TARGETED_DEVICE_FAMILY = "1,2";
			};
			name = Debug;
		};
		1858E6AA1D02355400334A3B /* Release */ = {
			isa = XCBuildConfiguration;
			buildSettings = {
				ALWAYS_SEARCH_USER_PATHS = NO;
				CLANG_CXX_LANGUAGE_STANDARD = "gnu++0x";
				CLANG_CXX_LIBRARY = "libc++";
				CLANG_ENABLE_MODULES = YES;
				CLANG_ENABLE_OBJC_ARC = YES;
				CLANG_WARN_BOOL_CONVERSION = YES;
				CLANG_WARN_CONSTANT_CONVERSION = YES;
				CLANG_WARN_DIRECT_OBJC_ISA_USAGE = YES_ERROR;
				CLANG_WARN_EMPTY_BODY = YES;
				CLANG_WARN_ENUM_CONVERSION = YES;
				CLANG_WARN_INT_CONVERSION = YES;
				CLANG_WARN_OBJC_ROOT_CLASS = YES_ERROR;
				CLANG_WARN_UNREACHABLE_CODE = YES;
				CLANG_WARN__DUPLICATE_METHOD_MATCH = YES;
				"CODE_SIGN_IDENTITY[sdk=iphoneos*]" = "iPhone Developer";
				COPY_PHASE_STRIP = NO;
				DEBUG_INFORMATION_FORMAT = "dwarf-with-dsym";
				ENABLE_NS_ASSERTIONS = NO;
				ENABLE_STRICT_OBJC_MSGSEND = YES;
				GCC_C_LANGUAGE_STANDARD = gnu99;
				GCC_NO_COMMON_BLOCKS = YES;
				GCC_WARN_64_TO_32_BIT_CONVERSION = YES;
				GCC_WARN_ABOUT_RETURN_TYPE = YES_ERROR;
				GCC_WARN_UNDECLARED_SELECTOR = YES;
				GCC_WARN_UNINITIALIZED_AUTOS = YES_AGGRESSIVE;
				GCC_WARN_UNUSED_FUNCTION = YES;
				GCC_WARN_UNUSED_VARIABLE = YES;
				IPHONEOS_DEPLOYMENT_TARGET = 9.2;
				MTL_ENABLE_DEBUG_INFO = NO;
				SDKROOT = iphoneos;
				TARGETED_DEVICE_FAMILY = "1,2";
				VALIDATE_PRODUCT = YES;
			};
			name = Release;
		};
		1858E6AC1D02355400334A3B /* Debug */ = {
			isa = XCBuildConfiguration;
			buildSettings = {
				ASSETCATALOG_COMPILER_APPICON_NAME = AppIcon;
				INFOPLIST_FILE = weatherApplication/Info.plist;
				LD_RUNPATH_SEARCH_PATHS = "$(inherited) @executable_path/Frameworks";
				PRODUCT_BUNDLE_IDENTIFIER = com.gursimran.singh.weatherApplication;
				PRODUCT_NAME = "$(TARGET_NAME)";
			};
			name = Debug;
		};
		1858E6AD1D02355400334A3B /* Release */ = {
			isa = XCBuildConfiguration;
			buildSettings = {
				ASSETCATALOG_COMPILER_APPICON_NAME = AppIcon;
				INFOPLIST_FILE = weatherApplication/Info.plist;
				LD_RUNPATH_SEARCH_PATHS = "$(inherited) @executable_path/Frameworks";
				PRODUCT_BUNDLE_IDENTIFIER = com.gursimran.singh.weatherApplication;
				PRODUCT_NAME = "$(TARGET_NAME)";
			};
			name = Release;
		};
/* End XCBuildConfiguration section */

/* Begin XCConfigurationList section */
		1858E6941D02355400334A3B /* Build configuration list for PBXProject "weatherApplication" */ = {
			isa = XCConfigurationList;
			buildConfigurations = (
				1858E6A91D02355400334A3B /* Debug */,
				1858E6AA1D02355400334A3B /* Release */,
			);
			defaultConfigurationIsVisible = 0;
			defaultConfigurationName = Release;
		};
		1858E6AB1D02355400334A3B /* Build configuration list for PBXNativeTarget "weatherApplication" */ = {
			isa = XCConfigurationList;
			buildConfigurations = (
				1858E6AC1D02355400334A3B /* Debug */,
				1858E6AD1D02355400334A3B /* Release */,
			);
			defaultConfigurationIsVisible = 0;
		};
/* End XCConfigurationList section */
	};
	rootObject = 1858E6911D02355400334A3B /* Project object */;
}
